// !$*UTF8*$!
{
	archiveVersion = 1;
	classes = {
	};
	objectVersion = 46;
	objects = {

/* Begin PBXBuildFile section */
		A3AACB0A1D14A46800DFEC9F /* AppDelegate.swift in Sources */ = {isa = PBXBuildFile; fileRef = A3AACB091D14A46800DFEC9F /* AppDelegate.swift */; };
		A3AACB0E1D14A46800DFEC9F /* Assets.xcassets in Resources */ = {isa = PBXBuildFile; fileRef = A3AACB0D1D14A46800DFEC9F /* Assets.xcassets */; };
		A3AACB111D14A46800DFEC9F /* Main.storyboard in Resources */ = {isa = PBXBuildFile; fileRef = A3AACB0F1D14A46800DFEC9F /* Main.storyboard */; };
		A3AACB3A1D14A5D500DFEC9F /* ViewController.swift in Sources */ = {isa = PBXBuildFile; fileRef = A3AACB391D14A5D500DFEC9F /* ViewController.swift */; };
		A3AACB411D14A63800DFEC9F /* XcodeUnsigner.swift in Sources */ = {isa = PBXBuildFile; fileRef = A3AACB401D14A63800DFEC9F /* XcodeUnsigner.swift */; };
		A3AACB461D14AA8900DFEC9F /* endian.c in Sources */ = {isa = PBXBuildFile; fileRef = A3AACB421D14AA8900DFEC9F /* endian.c */; };
		A3AACB471D14AA8900DFEC9F /* unsign.c in Sources */ = {isa = PBXBuildFile; fileRef = A3AACB441D14AA8900DFEC9F /* unsign.c */; };
/* End PBXBuildFile section */

/* Begin PBXFileReference section */
		A3AACB061D14A46800DFEC9F /* AlcatrazIt.app */ = {isa = PBXFileReference; explicitFileType = wrapper.application; includeInIndex = 0; path = AlcatrazIt.app; sourceTree = BUILT_PRODUCTS_DIR; };
		A3AACB091D14A46800DFEC9F /* AppDelegate.swift */ = {isa = PBXFileReference; lastKnownFileType = sourcecode.swift; path = AppDelegate.swift; sourceTree = "<group>"; };
		A3AACB0D1D14A46800DFEC9F /* Assets.xcassets */ = {isa = PBXFileReference; lastKnownFileType = folder.assetcatalog; path = Assets.xcassets; sourceTree = "<group>"; };
		A3AACB101D14A46800DFEC9F /* Base */ = {isa = PBXFileReference; lastKnownFileType = file.storyboard; name = Base; path = Base.lproj/Main.storyboard; sourceTree = "<group>"; };
		A3AACB121D14A46800DFEC9F /* Info.plist */ = {isa = PBXFileReference; lastKnownFileType = text.plist.xml; path = Info.plist; sourceTree = "<group>"; };
		A3AACB391D14A5D500DFEC9F /* ViewController.swift */ = {isa = PBXFileReference; fileEncoding = 4; lastKnownFileType = sourcecode.swift; path = ViewController.swift; sourceTree = "<group>"; };
		A3AACB401D14A63800DFEC9F /* XcodeUnsigner.swift */ = {isa = PBXFileReference; fileEncoding = 4; lastKnownFileType = sourcecode.swift; path = XcodeUnsigner.swift; sourceTree = "<group>"; };
		A3AACB421D14AA8900DFEC9F /* endian.c */ = {isa = PBXFileReference; fileEncoding = 4; lastKnownFileType = sourcecode.c.c; path = endian.c; sourceTree = "<group>"; };
		A3AACB431D14AA8900DFEC9F /* endian.h */ = {isa = PBXFileReference; fileEncoding = 4; lastKnownFileType = sourcecode.c.h; path = endian.h; sourceTree = "<group>"; };
		A3AACB441D14AA8900DFEC9F /* unsign.c */ = {isa = PBXFileReference; fileEncoding = 4; lastKnownFileType = sourcecode.c.c; path = unsign.c; sourceTree = "<group>"; };
/* End PBXFileReference section */

/* Begin PBXFrameworksBuildPhase section */
		A3AACB031D14A46700DFEC9F /* Frameworks */ = {
			isa = PBXFrameworksBuildPhase;
			buildActionMask = 2147483647;
			files = (
			);
			runOnlyForDeploymentPostprocessing = 0;
		};
/* End PBXFrameworksBuildPhase section */

/* Begin PBXGroup section */
		A3AACAFD1D14A46700DFEC9F = {
			isa = PBXGroup;
			children = (
				A3AACB081D14A46800DFEC9F /* AlcatrazIt */,
				A3AACB071D14A46800DFEC9F /* Products */,
			);
			sourceTree = "<group>";
		};
		A3AACB071D14A46800DFEC9F /* Products */ = {
			isa = PBXGroup;
			children = (
				A3AACB061D14A46800DFEC9F /* AlcatrazIt.app */,
			);
			name = Products;
			sourceTree = "<group>";
		};
		A3AACB081D14A46800DFEC9F /* AlcatrazIt */ = {
			isa = PBXGroup;
			children = (
				A3AACB091D14A46800DFEC9F /* AppDelegate.swift */,
				A3AACB391D14A5D500DFEC9F /* ViewController.swift */,
				A3AACB401D14A63800DFEC9F /* XcodeUnsigner.swift */,
				A3AACB451D14AA8900DFEC9F /* Unsign */,
				A3AACB0D1D14A46800DFEC9F /* Assets.xcassets */,
				A3AACB0F1D14A46800DFEC9F /* Main.storyboard */,
				A3AACB121D14A46800DFEC9F /* Info.plist */,
			);
			path = AlcatrazIt;
			sourceTree = "<group>";
		};
		A3AACB451D14AA8900DFEC9F /* Unsign */ = {
			isa = PBXGroup;
			children = (
				A3AACB421D14AA8900DFEC9F /* endian.c */,
				A3AACB431D14AA8900DFEC9F /* endian.h */,
				A3AACB441D14AA8900DFEC9F /* unsign.c */,
			);
			path = Unsign;
			sourceTree = "<group>";
		};
/* End PBXGroup section */

/* Begin PBXNativeTarget section */
		A3AACB051D14A46700DFEC9F /* AlcatrazIt */ = {
			isa = PBXNativeTarget;
			buildConfigurationList = A3AACB151D14A46800DFEC9F /* Build configuration list for PBXNativeTarget "AlcatrazIt" */;
			buildPhases = (
				A3AACB021D14A46700DFEC9F /* Sources */,
				A3AACB031D14A46700DFEC9F /* Frameworks */,
				A3AACB041D14A46700DFEC9F /* Resources */,
			);
			buildRules = (
			);
			dependencies = (
			);
			name = AlcatrazIt;
			productName = AlcatrazIt;
			productReference = A3AACB061D14A46800DFEC9F /* AlcatrazIt.app */;
			productType = "com.apple.product-type.application";
		};
/* End PBXNativeTarget section */

/* Begin PBXProject section */
		A3AACAFE1D14A46700DFEC9F /* Project object */ = {
			isa = PBXProject;
			attributes = {
				LastSwiftUpdateCheck = 0800;
				LastUpgradeCheck = 0800;
				ORGANIZATIONNAME = "Francesco Perrotti-Garcia";
				TargetAttributes = {
					A3AACB051D14A46700DFEC9F = {
						CreatedOnToolsVersion = 8.0;
						ProvisioningStyle = Automatic;
					};
				};
			};
			buildConfigurationList = A3AACB011D14A46700DFEC9F /* Build configuration list for PBXProject "AlcatrazIt" */;
			compatibilityVersion = "Xcode 3.2";
			developmentRegion = English;
			hasScannedForEncodings = 0;
			knownRegions = (
				en,
				Base,
			);
			mainGroup = A3AACAFD1D14A46700DFEC9F;
			productRefGroup = A3AACB071D14A46800DFEC9F /* Products */;
			projectDirPath = "";
			projectRoot = "";
			targets = (
				A3AACB051D14A46700DFEC9F /* AlcatrazIt */,
			);
		};
/* End PBXProject section */

/* Begin PBXResourcesBuildPhase section */
		A3AACB041D14A46700DFEC9F /* Resources */ = {
			isa = PBXResourcesBuildPhase;
			buildActionMask = 2147483647;
			files = (
				A3AACB0E1D14A46800DFEC9F /* Assets.xcassets in Resources */,
				A3AACB111D14A46800DFEC9F /* Main.storyboard in Resources */,
			);
			runOnlyForDeploymentPostprocessing = 0;
		};
/* End PBXResourcesBuildPhase section */

/* Begin PBXSourcesBuildPhase section */
		A3AACB021D14A46700DFEC9F /* Sources */ = {
			isa = PBXSourcesBuildPhase;
			buildActionMask = 2147483647;
			files = (
				A3AACB461D14AA8900DFEC9F /* endian.c in Sources */,
				A3AACB411D14A63800DFEC9F /* XcodeUnsigner.swift in Sources */,
				A3AACB3A1D14A5D500DFEC9F /* ViewController.swift in Sources */,
				A3AACB471D14AA8900DFEC9F /* unsign.c in Sources */,
				A3AACB0A1D14A46800DFEC9F /* AppDelegate.swift in Sources */,
			);
			runOnlyForDeploymentPostprocessing = 0;
		};
/* End PBXSourcesBuildPhase section */

/* Begin PBXVariantGroup section */
		A3AACB0F1D14A46800DFEC9F /* Main.storyboard */ = {
			isa = PBXVariantGroup;
			children = (
				A3AACB101D14A46800DFEC9F /* Base */,
			);
			name = Main.storyboard;
			sourceTree = "<group>";
		};
/* End PBXVariantGroup section */

/* Begin XCBuildConfiguration section */
		A3AACB131D14A46800DFEC9F /* Debug */ = {
			isa = XCBuildConfiguration;
			buildSettings = {
				ALWAYS_SEARCH_USER_PATHS = NO;
				CLANG_ANALYZER_NONNULL = YES;
				CLANG_CXX_LANGUAGE_STANDARD = "gnu++0x";
				CLANG_CXX_LIBRARY = "libc++";
				CLANG_ENABLE_MODULES = YES;
				CLANG_ENABLE_OBJC_ARC = YES;
				CLANG_WARN_BOOL_CONVERSION = YES;
				CLANG_WARN_CONSTANT_CONVERSION = YES;
				CLANG_WARN_DIRECT_OBJC_ISA_USAGE = YES_ERROR;
				CLANG_WARN_DOCUMENTATION_COMMENTS = YES;
				CLANG_WARN_EMPTY_BODY = YES;
				CLANG_WARN_ENUM_CONVERSION = YES;
				CLANG_WARN_INT_CONVERSION = YES;
				CLANG_WARN_OBJC_ROOT_CLASS = YES_ERROR;
				CLANG_WARN_UNREACHABLE_CODE = YES;
				CLANG_WARN__DUPLICATE_METHOD_MATCH = YES;
				CODE_SIGN_IDENTITY = "-";
				COPY_PHASE_STRIP = NO;
				DEBUG_INFORMATION_FORMAT = dwarf;
				ENABLE_STRICT_OBJC_MSGSEND = YES;
				ENABLE_TESTABILITY = YES;
				GCC_C_LANGUAGE_STANDARD = gnu99;
				GCC_DYNAMIC_NO_PIC = NO;
				GCC_NO_COMMON_BLOCKS = YES;
				GCC_OPTIMIZATION_LEVEL = 0;
				GCC_PREPROCESSOR_DEFINITIONS = (
					"DEBUG=1",
					"$(inherited)",
				);
				GCC_WARN_64_TO_32_BIT_CONVERSION = YES;
				GCC_WARN_ABOUT_RETURN_TYPE = YES_ERROR;
				GCC_WARN_UNDECLARED_SELECTOR = YES;
				GCC_WARN_UNINITIALIZED_AUTOS = YES_AGGRESSIVE;
				GCC_WARN_UNUSED_FUNCTION = YES;
				GCC_WARN_UNUSED_VARIABLE = YES;
				MACOSX_DEPLOYMENT_TARGET = 10.11;
				MTL_ENABLE_DEBUG_INFO = YES;
				ONLY_ACTIVE_ARCH = YES;
				SDKROOT = macosx;
				SWIFT_ACTIVE_COMPILATION_CONDITIONS = DEBUG;
				SWIFT_OPTIMIZATION_LEVEL = "-Onone";
			};
			name = Debug;
		};
		A3AACB141D14A46800DFEC9F /* Release */ = {
			isa = XCBuildConfiguration;
			buildSettings = {
				ALWAYS_SEARCH_USER_PATHS = NO;
				CLANG_ANALYZER_NONNULL = YES;
				CLANG_CXX_LANGUAGE_STANDARD = "gnu++0x";
				CLANG_CXX_LIBRARY = "libc++";
				CLANG_ENABLE_MODULES = YES;
				CLANG_ENABLE_OBJC_ARC = YES;
				CLANG_WARN_BOOL_CONVERSION = YES;
				CLANG_WARN_CONSTANT_CONVERSION = YES;
				CLANG_WARN_DIRECT_OBJC_ISA_USAGE = YES_ERROR;
				CLANG_WARN_DOCUMENTATION_COMMENTS = YES;
				CLANG_WARN_EMPTY_BODY = YES;
				CLANG_WARN_ENUM_CONVERSION = YES;
				CLANG_WARN_INT_CONVERSION = YES;
				CLANG_WARN_OBJC_ROOT_CLASS = YES_ERROR;
				CLANG_WARN_UNREACHABLE_CODE = YES;
				CLANG_WARN__DUPLICATE_METHOD_MATCH = YES;
				CODE_SIGN_IDENTITY = "-";
				COPY_PHASE_STRIP = NO;
				DEBUG_INFORMATION_FORMAT = "dwarf-with-dsym";
				ENABLE_NS_ASSERTIONS = NO;
				ENABLE_STRICT_OBJC_MSGSEND = YES;
				GCC_C_LANGUAGE_STANDARD = gnu99;
				GCC_NO_COMMON_BLOCKS = YES;
				GCC_WARN_64_TO_32_BIT_CONVERSION = YES;
				GCC_WARN_ABOUT_RETURN_TYPE = YES_ERROR;
				GCC_WARN_UNDECLARED_SELECTOR = YES;
				GCC_WARN_UNINITIALIZED_AUTOS = YES_AGGRESSIVE;
				GCC_WARN_UNUSED_FUNCTION = YES;
				GCC_WARN_UNUSED_VARIABLE = YES;
				MACOSX_DEPLOYMENT_TARGET = 10.11;
				MTL_ENABLE_DEBUG_INFO = NO;
				SDKROOT = macosx;
				SWIFT_OPTIMIZATION_LEVEL = "-Owholemodule";
			};
			name = Release;
		};
		A3AACB161D14A46800DFEC9F /* Debug */ = {
			isa = XCBuildConfiguration;
			buildSettings = {
				ASSETCATALOG_COMPILER_APPICON_NAME = AppIcon;
				COMBINE_HIDPI_IMAGES = YES;
				INFOPLIST_FILE = AlcatrazIt/Info.plist;
				LD_RUNPATH_SEARCH_PATHS = "$(inherited) @executable_path/../Frameworks";
				PRODUCT_BUNDLE_IDENTIFIER = "com.perrotti-garcia.AlcatrazIt";
				PRODUCT_NAME = "$(TARGET_NAME)";
				SWIFT_VERSION = 3.0;
			};
			name = Debug;
		};
		A3AACB171D14A46800DFEC9F /* Release */ = {
			isa = XCBuildConfiguration;
			buildSettings = {
				ASSETCATALOG_COMPILER_APPICON_NAME = AppIcon;
				COMBINE_HIDPI_IMAGES = YES;
				INFOPLIST_FILE = AlcatrazIt/Info.plist;
				LD_RUNPATH_SEARCH_PATHS = "$(inherited) @executable_path/../Frameworks";
				PRODUCT_BUNDLE_IDENTIFIER = "com.perrotti-garcia.AlcatrazIt";
				PRODUCT_NAME = "$(TARGET_NAME)";
				SWIFT_VERSION = 3.0;
			};
			name = Release;
		};
/* End XCBuildConfiguration section */

/* Begin XCConfigurationList section */
		A3AACB011D14A46700DFEC9F /* Build configuration list for PBXProject "AlcatrazIt" */ = {
			isa = XCConfigurationList;
			buildConfigurations = (
				A3AACB131D14A46800DFEC9F /* Debug */,
				A3AACB141D14A46800DFEC9F /* Release */,
			);
			defaultConfigurationIsVisible = 0;
			defaultConfigurationName = Release;
		};
		A3AACB151D14A46800DFEC9F /* Build configuration list for PBXNativeTarget "AlcatrazIt" */ = {
			isa = XCConfigurationList;
			buildConfigurations = (
				A3AACB161D14A46800DFEC9F /* Debug */,
				A3AACB171D14A46800DFEC9F /* Release */,
			);
			defaultConfigurationIsVisible = 0;
		};
/* End XCConfigurationList section */
	};
	rootObject = A3AACAFE1D14A46700DFEC9F /* Project object */;
}
